
Microsoft Visual Studio Solution File, Format Version 12.00
# Visual Studio Version 16
VisualStudioVersion = 16.0.34301.259
MinimumVisualStudioVersion = 10.0.40219.1
Project("{FAE04EC0-301F-11D3-BF4B-00C04F79EFBC}") = "LinQ_Employee", "LinQ_Employee\LinQ_Employee.csproj", "{59E2F5CB-9180-495A-9618-19E3201C82FE}"
EndProject
Global
	GlobalSection(SolutionConfigurationPlatforms) = preSolution
		Debug|Any CPU = Debug|Any CPU
		Release|Any CPU = Release|Any CPU
	EndGlobalSection
	GlobalSection(ProjectConfigurationPlatforms) = postSolution
		{59E2F5CB-9180-495A-9618-19E3201C82FE}.Debug|Any CPU.ActiveCfg = Debug|Any CPU
		{59E2F5CB-9180-495A-9618-19E3201C82FE}.Debug|Any CPU.Build.0 = Debug|Any CPU
		{59E2F5CB-9180-495A-9618-19E3201C82FE}.Release|Any CPU.ActiveCfg = Release|Any CPU
		{59E2F5CB-9180-495A-9618-19E3201C82FE}.Release|Any CPU.Build.0 = Release|Any CPU
	EndGlobalSection
	GlobalSection(SolutionProperties) = preSolution
		HideSolutionNode = FALSE
	EndGlobalSection
	GlobalSection(ExtensibilityGlobals) = postSolution
		SolutionGuid = {5117D790-FCF5-4968-901E-CB4F52BCAC0C}
	EndGlobalSection
EndGlobal
